// !$*UTF8*$!
{
	archiveVersion = 1;
	classes = {
	};
	objectVersion = 55;
	objects = {

/* Begin PBXBuildFile section */
		FA19BBDF2865E0C600D6BB43 /* Shake.swift in Sources */ = {isa = PBXBuildFile; fileRef = FA19BBDE2865E0C600D6BB43 /* Shake.swift */; };
		FA22C7332879AB7700590E5F /* ScoreTracker.swift in Sources */ = {isa = PBXBuildFile; fileRef = FA22C7322879AB7700590E5F /* ScoreTracker.swift */; };
		FA3E37D32867E32E00D4063F /* Cardify.swift in Sources */ = {isa = PBXBuildFile; fileRef = FA3E37D22867E32E00D4063F /* Cardify.swift */; };
		FA42AE9C285F609500E1FBD6 /* Diamond.swift in Sources */ = {isa = PBXBuildFile; fileRef = FA42AE9B285F609500E1FBD6 /* Diamond.swift */; };
		FA61332F2850E97D00BB4E0D /* AspectVGrid.swift in Sources */ = {isa = PBXBuildFile; fileRef = FA61332E2850E97D00BB4E0D /* AspectVGrid.swift */; };
		FA61333228510F2E00BB4E0D /* ViewModel.swift in Sources */ = {isa = PBXBuildFile; fileRef = FA61333128510F2E00BB4E0D /* ViewModel.swift */; };
		FADDA9FD284CE32200FC8B63 /* SetSwiftUIApp.swift in Sources */ = {isa = PBXBuildFile; fileRef = FADDA9FC284CE32200FC8B63 /* SetSwiftUIApp.swift */; };
		FADDA9FF284CE32200FC8B63 /* ContentView.swift in Sources */ = {isa = PBXBuildFile; fileRef = FADDA9FE284CE32200FC8B63 /* ContentView.swift */; };
		FADDAA01284CE32500FC8B63 /* Assets.xcassets in Resources */ = {isa = PBXBuildFile; fileRef = FADDAA00284CE32500FC8B63 /* Assets.xcassets */; };
		FADDAA04284CE32500FC8B63 /* Preview Assets.xcassets in Resources */ = {isa = PBXBuildFile; fileRef = FADDAA03284CE32500FC8B63 /* Preview Assets.xcassets */; };
		FADDAA0C284CE43100FC8B63 /* Card.swift in Sources */ = {isa = PBXBuildFile; fileRef = FADDAA0B284CE43100FC8B63 /* Card.swift */; };
		FADDAA0E284CE63600FC8B63 /* Deck.swift in Sources */ = {isa = PBXBuildFile; fileRef = FADDAA0D284CE63600FC8B63 /* Deck.swift */; };
		FADDAA10284CE88100FC8B63 /* Game.swift in Sources */ = {isa = PBXBuildFile; fileRef = FADDAA0F284CE88100FC8B63 /* Game.swift */; };
		FADDAA12284CEC7B00FC8B63 /* CardView.swift in Sources */ = {isa = PBXBuildFile; fileRef = FADDAA11284CEC7B00FC8B63 /* CardView.swift */; };
/* End PBXBuildFile section */

/* Begin PBXFileReference section */
		FA19BBDE2865E0C600D6BB43 /* Shake.swift */ = {isa = PBXFileReference; lastKnownFileType = sourcecode.swift; path = Shake.swift; sourceTree = "<group>"; };
		FA22C7322879AB7700590E5F /* ScoreTracker.swift */ = {isa = PBXFileReference; lastKnownFileType = sourcecode.swift; path = ScoreTracker.swift; sourceTree = "<group>"; };
		FA3E37D22867E32E00D4063F /* Cardify.swift */ = {isa = PBXFileReference; lastKnownFileType = sourcecode.swift; path = Cardify.swift; sourceTree = "<group>"; };
		FA42AE9B285F609500E1FBD6 /* Diamond.swift */ = {isa = PBXFileReference; lastKnownFileType = sourcecode.swift; path = Diamond.swift; sourceTree = "<group>"; };
		FA61332E2850E97D00BB4E0D /* AspectVGrid.swift */ = {isa = PBXFileReference; lastKnownFileType = sourcecode.swift; path = AspectVGrid.swift; sourceTree = "<group>"; };
		FA61333128510F2E00BB4E0D /* ViewModel.swift */ = {isa = PBXFileReference; lastKnownFileType = sourcecode.swift; path = ViewModel.swift; sourceTree = "<group>"; };
		FADDA9F9284CE32200FC8B63 /* SetSwiftUI.app */ = {isa = PBXFileReference; explicitFileType = wrapper.application; includeInIndex = 0; path = SetSwiftUI.app; sourceTree = BUILT_PRODUCTS_DIR; };
		FADDA9FC284CE32200FC8B63 /* SetSwiftUIApp.swift */ = {isa = PBXFileReference; lastKnownFileType = sourcecode.swift; path = SetSwiftUIApp.swift; sourceTree = "<group>"; };
		FADDA9FE284CE32200FC8B63 /* ContentView.swift */ = {isa = PBXFileReference; lastKnownFileType = sourcecode.swift; path = ContentView.swift; sourceTree = "<group>"; };
		FADDAA00284CE32500FC8B63 /* Assets.xcassets */ = {isa = PBXFileReference; lastKnownFileType = folder.assetcatalog; path = Assets.xcassets; sourceTree = "<group>"; };
		FADDAA03284CE32500FC8B63 /* Preview Assets.xcassets */ = {isa = PBXFileReference; lastKnownFileType = folder.assetcatalog; path = "Preview Assets.xcassets"; sourceTree = "<group>"; };
		FADDAA0B284CE43100FC8B63 /* Card.swift */ = {isa = PBXFileReference; lastKnownFileType = sourcecode.swift; path = Card.swift; sourceTree = "<group>"; };
		FADDAA0D284CE63600FC8B63 /* Deck.swift */ = {isa = PBXFileReference; lastKnownFileType = sourcecode.swift; path = Deck.swift; sourceTree = "<group>"; };
		FADDAA0F284CE88100FC8B63 /* Game.swift */ = {isa = PBXFileReference; lastKnownFileType = sourcecode.swift; path = Game.swift; sourceTree = "<group>"; };
		FADDAA11284CEC7B00FC8B63 /* CardView.swift */ = {isa = PBXFileReference; lastKnownFileType = sourcecode.swift; path = CardView.swift; sourceTree = "<group>"; };
/* End PBXFileReference section */

/* Begin PBXFrameworksBuildPhase section */
		FADDA9F6284CE32200FC8B63 /* Frameworks */ = {
			isa = PBXFrameworksBuildPhase;
			buildActionMask = 2147483647;
			files = (
			);
			runOnlyForDeploymentPostprocessing = 0;
		};
/* End PBXFrameworksBuildPhase section */

/* Begin PBXGroup section */
		FA19BBDD2865E0B200D6BB43 /* Animation */ = {
			isa = PBXGroup;
			children = (
				FA19BBDE2865E0C600D6BB43 /* Shake.swift */,
				FA3E37D22867E32E00D4063F /* Cardify.swift */,
			);
			path = Animation;
			sourceTree = "<group>";
		};
		FA61333028510F1700BB4E0D /* ViewModel */ = {
			isa = PBXGroup;
			children = (
				FA61333128510F2E00BB4E0D /* ViewModel.swift */,
			);
			path = ViewModel;
			sourceTree = "<group>";
		};
		FA61333328510FCD00BB4E0D /* View */ = {
			isa = PBXGroup;
			children = (
				FA19BBDD2865E0B200D6BB43 /* Animation */,
				FA61332E2850E97D00BB4E0D /* AspectVGrid.swift */,
				FADDA9FE284CE32200FC8B63 /* ContentView.swift */,
				FADDAA11284CEC7B00FC8B63 /* CardView.swift */,
				FA42AE9B285F609500E1FBD6 /* Diamond.swift */,
			);
			path = View;
			sourceTree = "<group>";
		};
		FADDA9F0284CE32200FC8B63 = {
			isa = PBXGroup;
			children = (
				FADDA9FB284CE32200FC8B63 /* SetSwiftUI */,
				FADDA9FA284CE32200FC8B63 /* Products */,
			);
			sourceTree = "<group>";
		};
		FADDA9FA284CE32200FC8B63 /* Products */ = {
			isa = PBXGroup;
			children = (
				FADDA9F9284CE32200FC8B63 /* SetSwiftUI.app */,
			);
			name = Products;
			sourceTree = "<group>";
		};
		FADDA9FB284CE32200FC8B63 /* SetSwiftUI */ = {
			isa = PBXGroup;
			children = (
				FA61333328510FCD00BB4E0D /* View */,
				FA61333028510F1700BB4E0D /* ViewModel */,
				FADDAA0A284CE41C00FC8B63 /* Model */,
				FADDA9FC284CE32200FC8B63 /* SetSwiftUIApp.swift */,
				FADDAA00284CE32500FC8B63 /* Assets.xcassets */,
				FADDAA02284CE32500FC8B63 /* Preview Content */,
			);
			path = SetSwiftUI;
			sourceTree = "<group>";
		};
		FADDAA02284CE32500FC8B63 /* Preview Content */ = {
			isa = PBXGroup;
			children = (
				FADDAA03284CE32500FC8B63 /* Preview Assets.xcassets */,
			);
			path = "Preview Content";
			sourceTree = "<group>";
		};
		FADDAA0A284CE41C00FC8B63 /* Model */ = {
			isa = PBXGroup;
			children = (
				FADDAA0B284CE43100FC8B63 /* Card.swift */,
				FADDAA0D284CE63600FC8B63 /* Deck.swift */,
				FADDAA0F284CE88100FC8B63 /* Game.swift */,
				FA22C7322879AB7700590E5F /* ScoreTracker.swift */,
			);
			path = Model;
			sourceTree = "<group>";
		};
/* End PBXGroup section */

/* Begin PBXNativeTarget section */
		FADDA9F8284CE32200FC8B63 /* SetSwiftUI */ = {
			isa = PBXNativeTarget;
			buildConfigurationList = FADDAA07284CE32500FC8B63 /* Build configuration list for PBXNativeTarget "SetSwiftUI" */;
			buildPhases = (
				FADDA9F5284CE32200FC8B63 /* Sources */,
				FADDA9F6284CE32200FC8B63 /* Frameworks */,
				FADDA9F7284CE32200FC8B63 /* Resources */,
			);
			buildRules = (
			);
			dependencies = (
			);
			name = SetSwiftUI;
			productName = SetSwiftUI;
			productReference = FADDA9F9284CE32200FC8B63 /* SetSwiftUI.app */;
			productType = "com.apple.product-type.application";
		};
/* End PBXNativeTarget section */

/* Begin PBXProject section */
		FADDA9F1284CE32200FC8B63 /* Project object */ = {
			isa = PBXProject;
			attributes = {
				BuildIndependentTargetsInParallel = 1;
				LastSwiftUpdateCheck = 1340;
				LastUpgradeCheck = 1340;
				TargetAttributes = {
					FADDA9F8284CE32200FC8B63 = {
						CreatedOnToolsVersion = 13.4;
					};
				};
			};
			buildConfigurationList = FADDA9F4284CE32200FC8B63 /* Build configuration list for PBXProject "SetSwiftUI" */;
			compatibilityVersion = "Xcode 13.0";
			developmentRegion = en;
			hasScannedForEncodings = 0;
			knownRegions = (
				en,
				Base,
			);
			mainGroup = FADDA9F0284CE32200FC8B63;
			productRefGroup = FADDA9FA284CE32200FC8B63 /* Products */;
			projectDirPath = "";
			projectRoot = "";
			targets = (
				FADDA9F8284CE32200FC8B63 /* SetSwiftUI */,
			);
		};
/* End PBXProject section */

/* Begin PBXResourcesBuildPhase section */
		FADDA9F7284CE32200FC8B63 /* Resources */ = {
			isa = PBXResourcesBuildPhase;
			buildActionMask = 2147483647;
			files = (
				FADDAA04284CE32500FC8B63 /* Preview Assets.xcassets in Resources */,
				FADDAA01284CE32500FC8B63 /* Assets.xcassets in Resources */,
			);
			runOnlyForDeploymentPostprocessing = 0;
		};
/* End PBXResourcesBuildPhase section */

/* Begin PBXSourcesBuildPhase section */
		FADDA9F5284CE32200FC8B63 /* Sources */ = {
			isa = PBXSourcesBuildPhase;
			buildActionMask = 2147483647;
			files = (
				FA3E37D32867E32E00D4063F /* Cardify.swift in Sources */,
				FADDAA0E284CE63600FC8B63 /* Deck.swift in Sources */,
				FADDAA10284CE88100FC8B63 /* Game.swift in Sources */,
				FA61332F2850E97D00BB4E0D /* AspectVGrid.swift in Sources */,
				FADDA9FF284CE32200FC8B63 /* ContentView.swift in Sources */,
				FA22C7332879AB7700590E5F /* ScoreTracker.swift in Sources */,
				FADDAA0C284CE43100FC8B63 /* Card.swift in Sources */,
				FADDAA12284CEC7B00FC8B63 /* CardView.swift in Sources */,
				FA19BBDF2865E0C600D6BB43 /* Shake.swift in Sources */,
				FA42AE9C285F609500E1FBD6 /* Diamond.swift in Sources */,
				FA61333228510F2E00BB4E0D /* ViewModel.swift in Sources */,
				FADDA9FD284CE32200FC8B63 /* SetSwiftUIApp.swift in Sources */,
			);
			runOnlyForDeploymentPostprocessing = 0;
		};
/* End PBXSourcesBuildPhase section */

/* Begin XCBuildConfiguration section */
		FADDAA05284CE32500FC8B63 /* Debug */ = {
			isa = XCBuildConfiguration;
			buildSettings = {
				ALWAYS_SEARCH_USER_PATHS = NO;
				CLANG_ANALYZER_NONNULL = YES;
				CLANG_ANALYZER_NUMBER_OBJECT_CONVERSION = YES_AGGRESSIVE;
				CLANG_CXX_LANGUAGE_STANDARD = "gnu++17";
				CLANG_ENABLE_MODULES = YES;
				CLANG_ENABLE_OBJC_ARC = YES;
				CLANG_ENABLE_OBJC_WEAK = YES;
				CLANG_WARN_BLOCK_CAPTURE_AUTORELEASING = YES;
				CLANG_WARN_BOOL_CONVERSION = YES;
				CLANG_WARN_COMMA = YES;
				CLANG_WARN_CONSTANT_CONVERSION = YES;
				CLANG_WARN_DEPRECATED_OBJC_IMPLEMENTATIONS = YES;
				CLANG_WARN_DIRECT_OBJC_ISA_USAGE = YES_ERROR;
				CLANG_WARN_DOCUMENTATION_COMMENTS = YES;
				CLANG_WARN_EMPTY_BODY = YES;
				CLANG_WARN_ENUM_CONVERSION = YES;
				CLANG_WARN_INFINITE_RECURSION = YES;
				CLANG_WARN_INT_CONVERSION = YES;
				CLANG_WARN_NON_LITERAL_NULL_CONVERSION = YES;
				CLANG_WARN_OBJC_IMPLICIT_RETAIN_SELF = YES;
				CLANG_WARN_OBJC_LITERAL_CONVERSION = YES;
				CLANG_WARN_OBJC_ROOT_CLASS = YES_ERROR;
				CLANG_WARN_QUOTED_INCLUDE_IN_FRAMEWORK_HEADER = YES;
				CLANG_WARN_RANGE_LOOP_ANALYSIS = YES;
				CLANG_WARN_STRICT_PROTOTYPES = YES;
				CLANG_WARN_SUSPICIOUS_MOVE = YES;
				CLANG_WARN_UNGUARDED_AVAILABILITY = YES_AGGRESSIVE;
				CLANG_WARN_UNREACHABLE_CODE = YES;
				CLANG_WARN__DUPLICATE_METHOD_MATCH = YES;
				COPY_PHASE_STRIP = NO;
				DEBUG_INFORMATION_FORMAT = dwarf;
				ENABLE_STRICT_OBJC_MSGSEND = YES;
				ENABLE_TESTABILITY = YES;
				GCC_C_LANGUAGE_STANDARD = gnu11;
				GCC_DYNAMIC_NO_PIC = NO;
				GCC_NO_COMMON_BLOCKS = YES;
				GCC_OPTIMIZATION_LEVEL = 0;
				GCC_PREPROCESSOR_DEFINITIONS = (
					"DEBUG=1",
					"$(inherited)",
				);
				GCC_WARN_64_TO_32_BIT_CONVERSION = YES;
				GCC_WARN_ABOUT_RETURN_TYPE = YES_ERROR;
				GCC_WARN_UNDECLARED_SELECTOR = YES;
				GCC_WARN_UNINITIALIZED_AUTOS = YES_AGGRESSIVE;
				GCC_WARN_UNUSED_FUNCTION = YES;
				GCC_WARN_UNUSED_VARIABLE = YES;
				IPHONEOS_DEPLOYMENT_TARGET = 15.5;
				MTL_ENABLE_DEBUG_INFO = INCLUDE_SOURCE;
				MTL_FAST_MATH = YES;
				ONLY_ACTIVE_ARCH = YES;
				SDKROOT = iphoneos;
				SWIFT_ACTIVE_COMPILATION_CONDITIONS = DEBUG;
				SWIFT_OPTIMIZATION_LEVEL = "-Onone";
			};
			name = Debug;
		};
		FADDAA06284CE32500FC8B63 /* Release */ = {
			isa = XCBuildConfiguration;
			buildSettings = {
				ALWAYS_SEARCH_USER_PATHS = NO;
				CLANG_ANALYZER_NONNULL = YES;
				CLANG_ANALYZER_NUMBER_OBJECT_CONVERSION = YES_AGGRESSIVE;
				CLANG_CXX_LANGUAGE_STANDARD = "gnu++17";
				CLANG_ENABLE_MODULES = YES;
				CLANG_ENABLE_OBJC_ARC = YES;
				CLANG_ENABLE_OBJC_WEAK = YES;
				CLANG_WARN_BLOCK_CAPTURE_AUTORELEASING = YES;
				CLANG_WARN_BOOL_CONVERSION = YES;
				CLANG_WARN_COMMA = YES;
				CLANG_WARN_CONSTANT_CONVERSION = YES;
				CLANG_WARN_DEPRECATED_OBJC_IMPLEMENTATIONS = YES;
				CLANG_WARN_DIRECT_OBJC_ISA_USAGE = YES_ERROR;
				CLANG_WARN_DOCUMENTATION_COMMENTS = YES;
				CLANG_WARN_EMPTY_BODY = YES;
				CLANG_WARN_ENUM_CONVERSION = YES;
				CLANG_WARN_INFINITE_RECURSION = YES;
				CLANG_WARN_INT_CONVERSION = YES;
				CLANG_WARN_NON_LITERAL_NULL_CONVERSION = YES;
				CLANG_WARN_OBJC_IMPLICIT_RETAIN_SELF = YES;
				CLANG_WARN_OBJC_LITERAL_CONVERSION = YES;
				CLANG_WARN_OBJC_ROOT_CLASS = YES_ERROR;
				CLANG_WARN_QUOTED_INCLUDE_IN_FRAMEWORK_HEADER = YES;
				CLANG_WARN_RANGE_LOOP_ANALYSIS = YES;
				CLANG_WARN_STRICT_PROTOTYPES = YES;
				CLANG_WARN_SUSPICIOUS_MOVE = YES;
				CLANG_WARN_UNGUARDED_AVAILABILITY = YES_AGGRESSIVE;
				CLANG_WARN_UNREACHABLE_CODE = YES;
				CLANG_WARN__DUPLICATE_METHOD_MATCH = YES;
				COPY_PHASE_STRIP = NO;
				DEBUG_INFORMATION_FORMAT = "dwarf-with-dsym";
				ENABLE_NS_ASSERTIONS = NO;
				ENABLE_STRICT_OBJC_MSGSEND = YES;
				GCC_C_LANGUAGE_STANDARD = gnu11;
				GCC_NO_COMMON_BLOCKS = YES;
				GCC_WARN_64_TO_32_BIT_CONVERSION = YES;
				GCC_WARN_ABOUT_RETURN_TYPE = YES_ERROR;
				GCC_WARN_UNDECLARED_SELECTOR = YES;
				GCC_WARN_UNINITIALIZED_AUTOS = YES_AGGRESSIVE;
				GCC_WARN_UNUSED_FUNCTION = YES;
				GCC_WARN_UNUSED_VARIABLE = YES;
				IPHONEOS_DEPLOYMENT_TARGET = 15.5;
				MTL_ENABLE_DEBUG_INFO = NO;
				MTL_FAST_MATH = YES;
				SDKROOT = iphoneos;
				SWIFT_COMPILATION_MODE = wholemodule;
				SWIFT_OPTIMIZATION_LEVEL = "-O";
				VALIDATE_PRODUCT = YES;
			};
			name = Release;
		};
		FADDAA08284CE32500FC8B63 /* Debug */ = {
			isa = XCBuildConfiguration;
			buildSettings = {
				ASSETCATALOG_COMPILER_APPICON_NAME = AppIcon;
				ASSETCATALOG_COMPILER_GLOBAL_ACCENT_COLOR_NAME = AccentColor;
				CODE_SIGN_STYLE = Automatic;
				CURRENT_PROJECT_VERSION = 1;
				DEVELOPMENT_ASSET_PATHS = "\"SetSwiftUI/Preview Content\"";
				DEVELOPMENT_TEAM = NYGY5GQKY5;
				ENABLE_PREVIEWS = YES;
				GENERATE_INFOPLIST_FILE = YES;
				INFOPLIST_KEY_UIApplicationSceneManifest_Generation = YES;
				INFOPLIST_KEY_UIApplicationSupportsIndirectInputEvents = YES;
				INFOPLIST_KEY_UILaunchScreen_Generation = YES;
				INFOPLIST_KEY_UISupportedInterfaceOrientations_iPad = "UIInterfaceOrientationPortrait UIInterfaceOrientationPortraitUpsideDown UIInterfaceOrientationLandscapeLeft UIInterfaceOrientationLandscapeRight";
				INFOPLIST_KEY_UISupportedInterfaceOrientations_iPhone = "UIInterfaceOrientationPortrait UIInterfaceOrientationLandscapeLeft UIInterfaceOrientationLandscapeRight";
				LD_RUNPATH_SEARCH_PATHS = (
					"$(inherited)",
					"@executable_path/Frameworks",
				);
				MARKETING_VERSION = 1.0;
				PRODUCT_BUNDLE_IDENTIFIER = com.antipeon.SetSwiftUI;
				PRODUCT_NAME = "$(TARGET_NAME)";
				SWIFT_EMIT_LOC_STRINGS = YES;
				SWIFT_VERSION = 5.0;
				TARGETED_DEVICE_FAMILY = "1,2";
			};
			name = Debug;
		};
		FADDAA09284CE32500FC8B63 /* Release */ = {
			isa = XCBuildConfiguration;
			buildSettings = {
				ASSETCATALOG_COMPILER_APPICON_NAME = AppIcon;
				ASSETCATALOG_COMPILER_GLOBAL_ACCENT_COLOR_NAME = AccentColor;
				CODE_SIGN_STYLE = Automatic;
				CURRENT_PROJECT_VERSION = 1;
				DEVELOPMENT_ASSET_PATHS = "\"SetSwiftUI/Preview Content\"";
				DEVELOPMENT_TEAM = NYGY5GQKY5;
				ENABLE_PREVIEWS = YES;
				GENERATE_INFOPLIST_FILE = YES;
				INFOPLIST_KEY_UIApplicationSceneManifest_Generation = YES;
				INFOPLIST_KEY_UIApplicationSupportsIndirectInputEvents = YES;
				INFOPLIST_KEY_UILaunchScreen_Generation = YES;
				INFOPLIST_KEY_UISupportedInterfaceOrientations_iPad = "UIInterfaceOrientationPortrait UIInterfaceOrientationPortraitUpsideDown UIInterfaceOrientationLandscapeLeft UIInterfaceOrientationLandscapeRight";
				INFOPLIST_KEY_UISupportedInterfaceOrientations_iPhone = "UIInterfaceOrientationPortrait UIInterfaceOrientationLandscapeLeft UIInterfaceOrientationLandscapeRight";
				LD_RUNPATH_SEARCH_PATHS = (
					"$(inherited)",
					"@executable_path/Frameworks",
				);
				MARKETING_VERSION = 1.0;
				PRODUCT_BUNDLE_IDENTIFIER = com.antipeon.SetSwiftUI;
				PRODUCT_NAME = "$(TARGET_NAME)";
				SWIFT_EMIT_LOC_STRINGS = YES;
				SWIFT_VERSION = 5.0;
				TARGETED_DEVICE_FAMILY = "1,2";
			};
			name = Release;
		};
/* End XCBuildConfiguration section */

/* Begin XCConfigurationList section */
		FADDA9F4284CE32200FC8B63 /* Build configuration list for PBXProject "SetSwiftUI" */ = {
			isa = XCConfigurationList;
			buildConfigurations = (
				FADDAA05284CE32500FC8B63 /* Debug */,
				FADDAA06284CE32500FC8B63 /* Release */,
			);
			defaultConfigurationIsVisible = 0;
			defaultConfigurationName = Release;
		};
		FADDAA07284CE32500FC8B63 /* Build configuration list for PBXNativeTarget "SetSwiftUI" */ = {
			isa = XCConfigurationList;
			buildConfigurations = (
				FADDAA08284CE32500FC8B63 /* Debug */,
				FADDAA09284CE32500FC8B63 /* Release */,
			);
			defaultConfigurationIsVisible = 0;
			defaultConfigurationName = Release;
		};
/* End XCConfigurationList section */
	};
	rootObject = FADDA9F1284CE32200FC8B63 /* Project object */;
}
